
Microsoft Visual Studio Solution File, Format Version 12.00
# Visual Studio Version 16
VisualStudioVersion = 16.0.29721.120
MinimumVisualStudioVersion = 10.0.40219.1
Project("{FAE04EC0-301F-11D3-BF4B-00C04F79EFBC}") = "SW.HttpExtensions", "SW.HttpExtensions\SW.HttpExtensions.csproj", "{1CB5528F-3B81-4B9D-AA42-F9AB131E988F}"
EndProject
Global
	GlobalSection(SolutionConfigurationPlatforms) = preSolution
		Debug|Any CPU = Debug|Any CPU
		Release|Any CPU = Release|Any CPU
	EndGlobalSection
	GlobalSection(ProjectConfigurationPlatforms) = postSolution
		{1CB5528F-3B81-4B9D-AA42-F9AB131E988F}.Debug|Any CPU.ActiveCfg = Debug|Any CPU
		{1CB5528F-3B81-4B9D-AA42-F9AB131E988F}.Debug|Any CPU.Build.0 = Debug|Any CPU
		{1CB5528F-3B81-4B9D-AA42-F9AB131E988F}.Release|Any CPU.ActiveCfg = Release|Any CPU
		{1CB5528F-3B81-4B9D-AA42-F9AB131E988F}.Release|Any CPU.Build.0 = Release|Any CPU
	EndGlobalSection
	GlobalSection(SolutionProperties) = preSolution
		HideSolutionNode = FALSE
	EndGlobalSection
	GlobalSection(ExtensibilityGlobals) = postSolution
		SolutionGuid = {9FBF64B8-0148-4141-B42A-324C926ADB84}
	EndGlobalSection
EndGlobal
